
Microsoft Visual Studio Solution File, Format Version 12.00
# Visual Studio Version 16
VisualStudioVersion = 16.0.30717.126
MinimumVisualStudioVersion = 10.0.40219.1
Project("{FAE04EC0-301F-11D3-BF4B-00C04F79EFBC}") = "inverted-index", "inverted-index.csproj", "{D528C850-6D74-4E50-915E-9B61BE1FADAA}"
EndProject
Global
	GlobalSection(SolutionConfigurationPlatforms) = preSolution
		Debug|Any CPU = Debug|Any CPU
		Release|Any CPU = Release|Any CPU
	EndGlobalSection
	GlobalSection(ProjectConfigurationPlatforms) = postSolution
		{D528C850-6D74-4E50-915E-9B61BE1FADAA}.Debug|Any CPU.ActiveCfg = Debug|Any CPU
		{D528C850-6D74-4E50-915E-9B61BE1FADAA}.Debug|Any CPU.Build.0 = Debug|Any CPU
		{D528C850-6D74-4E50-915E-9B61BE1FADAA}.Release|Any CPU.ActiveCfg = Release|Any CPU
		{D528C850-6D74-4E50-915E-9B61BE1FADAA}.Release|Any CPU.Build.0 = Release|Any CPU
	EndGlobalSection
	GlobalSection(SolutionProperties) = preSolution
		HideSolutionNode = FALSE
	EndGlobalSection
	GlobalSection(ExtensibilityGlobals) = postSolution
		SolutionGuid = {41CF9DFE-2ABC-43EC-9709-05D60BA3F9C0}
	EndGlobalSection
EndGlobal
